
Microsoft Visual Studio Solution File, Format Version 12.00
# Visual Studio 14
VisualStudioVersion = 14.0.24720.0
MinimumVisualStudioVersion = 10.0.40219.1
Project("{FAE04EC0-301F-11D3-BF4B-00C04F79EFBC}") = "ParsingTree", "ParsingTree\ParsingTree.csproj", "{A9CEE789-6B46-47A3-BD59-BBFA5495C303}"
EndProject
Project("{FAE04EC0-301F-11D3-BF4B-00C04F79EFBC}") = "ParsingTreeTests", "ParsingTreeTests\ParsingTreeTests.csproj", "{61A8DA76-654D-40AE-AD66-26148AAB0A3B}"
EndProject
Global
	GlobalSection(SolutionConfigurationPlatforms) = preSolution
		Debug|Any CPU = Debug|Any CPU
		Release|Any CPU = Release|Any CPU
	EndGlobalSection
	GlobalSection(ProjectConfigurationPlatforms) = postSolution
		{A9CEE789-6B46-47A3-BD59-BBFA5495C303}.Debug|Any CPU.ActiveCfg = Debug|Any CPU
		{A9CEE789-6B46-47A3-BD59-BBFA5495C303}.Debug|Any CPU.Build.0 = Debug|Any CPU
		{A9CEE789-6B46-47A3-BD59-BBFA5495C303}.Release|Any CPU.ActiveCfg = Release|Any CPU
		{A9CEE789-6B46-47A3-BD59-BBFA5495C303}.Release|Any CPU.Build.0 = Release|Any CPU
		{61A8DA76-654D-40AE-AD66-26148AAB0A3B}.Debug|Any CPU.ActiveCfg = Debug|Any CPU
		{61A8DA76-654D-40AE-AD66-26148AAB0A3B}.Debug|Any CPU.Build.0 = Debug|Any CPU
		{61A8DA76-654D-40AE-AD66-26148AAB0A3B}.Release|Any CPU.ActiveCfg = Release|Any CPU
		{61A8DA76-654D-40AE-AD66-26148AAB0A3B}.Release|Any CPU.Build.0 = Release|Any CPU
	EndGlobalSection
	GlobalSection(SolutionProperties) = preSolution
		HideSolutionNode = FALSE
	EndGlobalSection
EndGlobal
