
Microsoft Visual Studio Solution File, Format Version 12.00
# Visual Studio 14
VisualStudioVersion = 14.0.23107.0
MinimumVisualStudioVersion = 10.0.40219.1
Project("{FAE04EC0-301F-11D3-BF4B-00C04F79EFBC}") = "mainTask", "mainTask\mainTask.csproj", "{95273AA5-D57A-4A00-A93F-CBD786B98A19}"
EndProject
Project("{FAE04EC0-301F-11D3-BF4B-00C04F79EFBC}") = "mainTask.Test", "mainTask.Test\mainTask.Test.csproj", "{754D7FEE-CB8C-44A8-8B78-DB729AA47F7E}"
EndProject
Global
	GlobalSection(SolutionConfigurationPlatforms) = preSolution
		Debug|Any CPU = Debug|Any CPU
		Release|Any CPU = Release|Any CPU
	EndGlobalSection
	GlobalSection(ProjectConfigurationPlatforms) = postSolution
		{95273AA5-D57A-4A00-A93F-CBD786B98A19}.Debug|Any CPU.ActiveCfg = Debug|Any CPU
		{95273AA5-D57A-4A00-A93F-CBD786B98A19}.Debug|Any CPU.Build.0 = Debug|Any CPU
		{95273AA5-D57A-4A00-A93F-CBD786B98A19}.Release|Any CPU.ActiveCfg = Release|Any CPU
		{95273AA5-D57A-4A00-A93F-CBD786B98A19}.Release|Any CPU.Build.0 = Release|Any CPU
		{754D7FEE-CB8C-44A8-8B78-DB729AA47F7E}.Debug|Any CPU.ActiveCfg = Debug|Any CPU
		{754D7FEE-CB8C-44A8-8B78-DB729AA47F7E}.Debug|Any CPU.Build.0 = Debug|Any CPU
		{754D7FEE-CB8C-44A8-8B78-DB729AA47F7E}.Release|Any CPU.ActiveCfg = Release|Any CPU
		{754D7FEE-CB8C-44A8-8B78-DB729AA47F7E}.Release|Any CPU.Build.0 = Release|Any CPU
	EndGlobalSection
	GlobalSection(SolutionProperties) = preSolution
		HideSolutionNode = FALSE
	EndGlobalSection
EndGlobal
